// !$*UTF8*$!
{
	archiveVersion = 1;
	classes = {
	};
	objectVersion = 50;
	objects = {

/* Begin PBXBuildFile section */
		DE47DE0D2399637800C8F6A5 /* AppDelegate.swift in Sources */ = {isa = PBXBuildFile; fileRef = DE47DE0C2399637800C8F6A5 /* AppDelegate.swift */; };
		DE47DE0F2399637800C8F6A5 /* SceneDelegate.swift in Sources */ = {isa = PBXBuildFile; fileRef = DE47DE0E2399637800C8F6A5 /* SceneDelegate.swift */; };
		DE47DE112399637800C8F6A5 /* MasterViewController.swift in Sources */ = {isa = PBXBuildFile; fileRef = DE47DE102399637800C8F6A5 /* MasterViewController.swift */; };
		DE47DE132399637800C8F6A5 /* DetailViewController.swift in Sources */ = {isa = PBXBuildFile; fileRef = DE47DE122399637800C8F6A5 /* DetailViewController.swift */; };
		DE47DE162399637800C8F6A5 /* Main.storyboard in Resources */ = {isa = PBXBuildFile; fileRef = DE47DE142399637800C8F6A5 /* Main.storyboard */; };
		DE47DE182399637D00C8F6A5 /* Assets.xcassets in Resources */ = {isa = PBXBuildFile; fileRef = DE47DE172399637D00C8F6A5 /* Assets.xcassets */; };
		DE47DE1B2399637D00C8F6A5 /* LaunchScreen.storyboard in Resources */ = {isa = PBXBuildFile; fileRef = DE47DE192399637D00C8F6A5 /* LaunchScreen.storyboard */; };
		DE47DE252399641300C8F6A5 /* KMLParser.m in Sources */ = {isa = PBXBuildFile; fileRef = DE47DE242399641200C8F6A5 /* KMLParser.m */; };
/* End PBXBuildFile section */

/* Begin PBXFileReference section */
		DE47DE092399637700C8F6A5 /* FlickrMap.app */ = {isa = PBXFileReference; explicitFileType = wrapper.application; includeInIndex = 0; path = FlickrMap.app; sourceTree = BUILT_PRODUCTS_DIR; };
		DE47DE0C2399637800C8F6A5 /* AppDelegate.swift */ = {isa = PBXFileReference; lastKnownFileType = sourcecode.swift; path = AppDelegate.swift; sourceTree = "<group>"; };
		DE47DE0E2399637800C8F6A5 /* SceneDelegate.swift */ = {isa = PBXFileReference; lastKnownFileType = sourcecode.swift; path = SceneDelegate.swift; sourceTree = "<group>"; };
		DE47DE102399637800C8F6A5 /* MasterViewController.swift */ = {isa = PBXFileReference; lastKnownFileType = sourcecode.swift; path = MasterViewController.swift; sourceTree = "<group>"; };
		DE47DE122399637800C8F6A5 /* DetailViewController.swift */ = {isa = PBXFileReference; lastKnownFileType = sourcecode.swift; path = DetailViewController.swift; sourceTree = "<group>"; };
		DE47DE152399637800C8F6A5 /* Base */ = {isa = PBXFileReference; lastKnownFileType = file.storyboard; name = Base; path = Base.lproj/Main.storyboard; sourceTree = "<group>"; };
		DE47DE172399637D00C8F6A5 /* Assets.xcassets */ = {isa = PBXFileReference; lastKnownFileType = folder.assetcatalog; path = Assets.xcassets; sourceTree = "<group>"; };
		DE47DE1A2399637D00C8F6A5 /* Base */ = {isa = PBXFileReference; lastKnownFileType = file.storyboard; name = Base; path = Base.lproj/LaunchScreen.storyboard; sourceTree = "<group>"; };
		DE47DE1C2399637D00C8F6A5 /* Info.plist */ = {isa = PBXFileReference; lastKnownFileType = text.plist.xml; path = Info.plist; sourceTree = "<group>"; };
		DE47DE222399641100C8F6A5 /* FlickrMap-Bridging-Header.h */ = {isa = PBXFileReference; lastKnownFileType = sourcecode.c.h; path = "FlickrMap-Bridging-Header.h"; sourceTree = "<group>"; };
		DE47DE232399641200C8F6A5 /* KMLParser.h */ = {isa = PBXFileReference; fileEncoding = 4; lastKnownFileType = sourcecode.c.h; path = KMLParser.h; sourceTree = "<group>"; };
		DE47DE242399641200C8F6A5 /* KMLParser.m */ = {isa = PBXFileReference; fileEncoding = 4; lastKnownFileType = sourcecode.c.objc; path = KMLParser.m; sourceTree = "<group>"; };
/* End PBXFileReference section */

/* Begin PBXFrameworksBuildPhase section */
		DE47DE062399637700C8F6A5 /* Frameworks */ = {
			isa = PBXFrameworksBuildPhase;
			buildActionMask = 2147483647;
			files = (
			);
			runOnlyForDeploymentPostprocessing = 0;
		};
/* End PBXFrameworksBuildPhase section */

/* Begin PBXGroup section */
		DE47DE002399637700C8F6A5 = {
			isa = PBXGroup;
			children = (
				DE47DE0B2399637800C8F6A5 /* FlickrMap */,
				DE47DE0A2399637700C8F6A5 /* Products */,
			);
			sourceTree = "<group>";
		};
		DE47DE0A2399637700C8F6A5 /* Products */ = {
			isa = PBXGroup;
			children = (
				DE47DE092399637700C8F6A5 /* FlickrMap.app */,
			);
			name = Products;
			sourceTree = "<group>";
		};
		DE47DE0B2399637800C8F6A5 /* FlickrMap */ = {
			isa = PBXGroup;
			children = (
				DE47DE232399641200C8F6A5 /* KMLParser.h */,
				DE47DE242399641200C8F6A5 /* KMLParser.m */,
				DE47DE0C2399637800C8F6A5 /* AppDelegate.swift */,
				DE47DE0E2399637800C8F6A5 /* SceneDelegate.swift */,
				DE47DE102399637800C8F6A5 /* MasterViewController.swift */,
				DE47DE122399637800C8F6A5 /* DetailViewController.swift */,
				DE47DE142399637800C8F6A5 /* Main.storyboard */,
				DE47DE172399637D00C8F6A5 /* Assets.xcassets */,
				DE47DE192399637D00C8F6A5 /* LaunchScreen.storyboard */,
				DE47DE1C2399637D00C8F6A5 /* Info.plist */,
				DE47DE222399641100C8F6A5 /* FlickrMap-Bridging-Header.h */,
			);
			path = FlickrMap;
			sourceTree = "<group>";
		};
/* End PBXGroup section */

/* Begin PBXNativeTarget section */
		DE47DE082399637700C8F6A5 /* FlickrMap */ = {
			isa = PBXNativeTarget;
			buildConfigurationList = DE47DE1F2399637D00C8F6A5 /* Build configuration list for PBXNativeTarget "FlickrMap" */;
			buildPhases = (
				DE47DE052399637700C8F6A5 /* Sources */,
				DE47DE062399637700C8F6A5 /* Frameworks */,
				DE47DE072399637700C8F6A5 /* Resources */,
			);
			buildRules = (
			);
			dependencies = (
			);
			name = FlickrMap;
			productName = FlickrMap;
			productReference = DE47DE092399637700C8F6A5 /* FlickrMap.app */;
			productType = "com.apple.product-type.application";
		};
/* End PBXNativeTarget section */

/* Begin PBXProject section */
		DE47DE012399637700C8F6A5 /* Project object */ = {
			isa = PBXProject;
			attributes = {
				LastSwiftUpdateCheck = 1110;
				LastUpgradeCheck = 1110;
				ORGANIZATIONNAME = eurecom;
				TargetAttributes = {
					DE47DE082399637700C8F6A5 = {
						CreatedOnToolsVersion = 11.1;
						LastSwiftMigration = 1110;
					};
				};
			};
			buildConfigurationList = DE47DE042399637700C8F6A5 /* Build configuration list for PBXProject "FlickrMap" */;
			compatibilityVersion = "Xcode 9.3";
			developmentRegion = en;
			hasScannedForEncodings = 0;
			knownRegions = (
				en,
				Base,
			);
			mainGroup = DE47DE002399637700C8F6A5;
			productRefGroup = DE47DE0A2399637700C8F6A5 /* Products */;
			projectDirPath = "";
			projectRoot = "";
			targets = (
				DE47DE082399637700C8F6A5 /* FlickrMap */,
			);
		};
/* End PBXProject section */

/* Begin PBXResourcesBuildPhase section */
		DE47DE072399637700C8F6A5 /* Resources */ = {
			isa = PBXResourcesBuildPhase;
			buildActionMask = 2147483647;
			files = (
				DE47DE1B2399637D00C8F6A5 /* LaunchScreen.storyboard in Resources */,
				DE47DE182399637D00C8F6A5 /* Assets.xcassets in Resources */,
				DE47DE162399637800C8F6A5 /* Main.storyboard in Resources */,
			);
			runOnlyForDeploymentPostprocessing = 0;
		};
/* End PBXResourcesBuildPhase section */

/* Begin PBXSourcesBuildPhase section */
		DE47DE052399637700C8F6A5 /* Sources */ = {
			isa = PBXSourcesBuildPhase;
			buildActionMask = 2147483647;
			files = (
				DE47DE0D2399637800C8F6A5 /* AppDelegate.swift in Sources */,
				DE47DE0F2399637800C8F6A5 /* SceneDelegate.swift in Sources */,
				DE47DE252399641300C8F6A5 /* KMLParser.m in Sources */,
				DE47DE112399637800C8F6A5 /* MasterViewController.swift in Sources */,
				DE47DE132399637800C8F6A5 /* DetailViewController.swift in Sources */,
			);
			runOnlyForDeploymentPostprocessing = 0;
		};
/* End PBXSourcesBuildPhase section */

/* Begin PBXVariantGroup section */
		DE47DE142399637800C8F6A5 /* Main.storyboard */ = {
			isa = PBXVariantGroup;
			children = (
				DE47DE152399637800C8F6A5 /* Base */,
			);
			name = Main.storyboard;
			sourceTree = "<group>";
		};
		DE47DE192399637D00C8F6A5 /* LaunchScreen.storyboard */ = {
			isa = PBXVariantGroup;
			children = (
				DE47DE1A2399637D00C8F6A5 /* Base */,
			);
			name = LaunchScreen.storyboard;
			sourceTree = "<group>";
		};
/* End PBXVariantGroup section */

/* Begin XCBuildConfiguration section */
		DE47DE1D2399637D00C8F6A5 /* Debug */ = {
			isa = XCBuildConfiguration;
			buildSettings = {
				ALWAYS_SEARCH_USER_PATHS = NO;
				CLANG_ANALYZER_NONNULL = YES;
				CLANG_ANALYZER_NUMBER_OBJECT_CONVERSION = YES_AGGRESSIVE;
				CLANG_CXX_LANGUAGE_STANDARD = "gnu++14";
				CLANG_CXX_LIBRARY = "libc++";
				CLANG_ENABLE_MODULES = YES;
				CLANG_ENABLE_OBJC_ARC = YES;
				CLANG_ENABLE_OBJC_WEAK = YES;
				CLANG_WARN_BLOCK_CAPTURE_AUTORELEASING = YES;
				CLANG_WARN_BOOL_CONVERSION = YES;
				CLANG_WARN_COMMA = YES;
				CLANG_WARN_CONSTANT_CONVERSION = YES;
				CLANG_WARN_DEPRECATED_OBJC_IMPLEMENTATIONS = YES;
				CLANG_WARN_DIRECT_OBJC_ISA_USAGE = YES_ERROR;
				CLANG_WARN_DOCUMENTATION_COMMENTS = YES;
				CLANG_WARN_EMPTY_BODY = YES;
				CLANG_WARN_ENUM_CONVERSION = YES;
				CLANG_WARN_INFINITE_RECURSION = YES;
				CLANG_WARN_INT_CONVERSION = YES;
				CLANG_WARN_NON_LITERAL_NULL_CONVERSION = YES;
				CLANG_WARN_OBJC_IMPLICIT_RETAIN_SELF = YES;
				CLANG_WARN_OBJC_LITERAL_CONVERSION = YES;
				CLANG_WARN_OBJC_ROOT_CLASS = YES_ERROR;
				CLANG_WARN_RANGE_LOOP_ANALYSIS = YES;
				CLANG_WARN_STRICT_PROTOTYPES = YES;
				CLANG_WARN_SUSPICIOUS_MOVE = YES;
				CLANG_WARN_UNGUARDED_AVAILABILITY = YES_AGGRESSIVE;
				CLANG_WARN_UNREACHABLE_CODE = YES;
				CLANG_WARN__DUPLICATE_METHOD_MATCH = YES;
				COPY_PHASE_STRIP = NO;
				DEBUG_INFORMATION_FORMAT = dwarf;
				ENABLE_STRICT_OBJC_MSGSEND = YES;
				ENABLE_TESTABILITY = YES;
				GCC_C_LANGUAGE_STANDARD = gnu11;
				GCC_DYNAMIC_NO_PIC = NO;
				GCC_NO_COMMON_BLOCKS = YES;
				GCC_OPTIMIZATION_LEVEL = 0;
				GCC_PREPROCESSOR_DEFINITIONS = (
					"DEBUG=1",
					"$(inherited)",
				);
				GCC_WARN_64_TO_32_BIT_CONVERSION = YES;
				GCC_WARN_ABOUT_RETURN_TYPE = YES_ERROR;
				GCC_WARN_UNDECLARED_SELECTOR = YES;
				GCC_WARN_UNINITIALIZED_AUTOS = YES_AGGRESSIVE;
				GCC_WARN_UNUSED_FUNCTION = YES;
				GCC_WARN_UNUSED_VARIABLE = YES;
				IPHONEOS_DEPLOYMENT_TARGET = 13.1;
				MTL_ENABLE_DEBUG_INFO = INCLUDE_SOURCE;
				MTL_FAST_MATH = YES;
				ONLY_ACTIVE_ARCH = YES;
				SDKROOT = iphoneos;
				SWIFT_ACTIVE_COMPILATION_CONDITIONS = DEBUG;
				SWIFT_OPTIMIZATION_LEVEL = "-Onone";
			};
			name = Debug;
		};
		DE47DE1E2399637D00C8F6A5 /* Release */ = {
			isa = XCBuildConfiguration;
			buildSettings = {
				ALWAYS_SEARCH_USER_PATHS = NO;
				CLANG_ANALYZER_NONNULL = YES;
				CLANG_ANALYZER_NUMBER_OBJECT_CONVERSION = YES_AGGRESSIVE;
				CLANG_CXX_LANGUAGE_STANDARD = "gnu++14";
				CLANG_CXX_LIBRARY = "libc++";
				CLANG_ENABLE_MODULES = YES;
				CLANG_ENABLE_OBJC_ARC = YES;
				CLANG_ENABLE_OBJC_WEAK = YES;
				CLANG_WARN_BLOCK_CAPTURE_AUTORELEASING = YES;
				CLANG_WARN_BOOL_CONVERSION = YES;
				CLANG_WARN_COMMA = YES;
				CLANG_WARN_CONSTANT_CONVERSION = YES;
				CLANG_WARN_DEPRECATED_OBJC_IMPLEMENTATIONS = YES;
				CLANG_WARN_DIRECT_OBJC_ISA_USAGE = YES_ERROR;
				CLANG_WARN_DOCUMENTATION_COMMENTS = YES;
				CLANG_WARN_EMPTY_BODY = YES;
				CLANG_WARN_ENUM_CONVERSION = YES;
				CLANG_WARN_INFINITE_RECURSION = YES;
				CLANG_WARN_INT_CONVERSION = YES;
				CLANG_WARN_NON_LITERAL_NULL_CONVERSION = YES;
				CLANG_WARN_OBJC_IMPLICIT_RETAIN_SELF = YES;
				CLANG_WARN_OBJC_LITERAL_CONVERSION = YES;
				CLANG_WARN_OBJC_ROOT_CLASS = YES_ERROR;
				CLANG_WARN_RANGE_LOOP_ANALYSIS = YES;
				CLANG_WARN_STRICT_PROTOTYPES = YES;
				CLANG_WARN_SUSPICIOUS_MOVE = YES;
				CLANG_WARN_UNGUARDED_AVAILABILITY = YES_AGGRESSIVE;
				CLANG_WARN_UNREACHABLE_CODE = YES;
				CLANG_WARN__DUPLICATE_METHOD_MATCH = YES;
				COPY_PHASE_STRIP = NO;
				DEBUG_INFORMATION_FORMAT = "dwarf-with-dsym";
				ENABLE_NS_ASSERTIONS = NO;
				ENABLE_STRICT_OBJC_MSGSEND = YES;
				GCC_C_LANGUAGE_STANDARD = gnu11;
				GCC_NO_COMMON_BLOCKS = YES;
				GCC_WARN_64_TO_32_BIT_CONVERSION = YES;
				GCC_WARN_ABOUT_RETURN_TYPE = YES_ERROR;
				GCC_WARN_UNDECLARED_SELECTOR = YES;
				GCC_WARN_UNINITIALIZED_AUTOS = YES_AGGRESSIVE;
				GCC_WARN_UNUSED_FUNCTION = YES;
				GCC_WARN_UNUSED_VARIABLE = YES;
				IPHONEOS_DEPLOYMENT_TARGET = 13.1;
				MTL_ENABLE_DEBUG_INFO = NO;
				MTL_FAST_MATH = YES;
				SDKROOT = iphoneos;
				SWIFT_COMPILATION_MODE = wholemodule;
				SWIFT_OPTIMIZATION_LEVEL = "-O";
				VALIDATE_PRODUCT = YES;
			};
			name = Release;
		};
		DE47DE202399637D00C8F6A5 /* Debug */ = {
			isa = XCBuildConfiguration;
			buildSettings = {
				ASSETCATALOG_COMPILER_APPICON_NAME = AppIcon;
				CLANG_ENABLE_MODULES = YES;
				CODE_SIGN_STYLE = Automatic;
				INFOPLIST_FILE = FlickrMap/Info.plist;
				LD_RUNPATH_SEARCH_PATHS = (
					"$(inherited)",
					"@executable_path/Frameworks",
				);
				PRODUCT_BUNDLE_IDENTIFIER = fr.eurecom.FlickrMap;
				PRODUCT_NAME = "$(TARGET_NAME)";
				SWIFT_OBJC_BRIDGING_HEADER = "FlickrMap/FlickrMap-Bridging-Header.h";
				SWIFT_OPTIMIZATION_LEVEL = "-Onone";
				SWIFT_VERSION = 5.0;
				TARGETED_DEVICE_FAMILY = "1,2";
			};
			name = Debug;
		};
		DE47DE212399637D00C8F6A5 /* Release */ = {
			isa = XCBuildConfiguration;
			buildSettings = {
				ASSETCATALOG_COMPILER_APPICON_NAME = AppIcon;
				CLANG_ENABLE_MODULES = YES;
				CODE_SIGN_STYLE = Automatic;
				INFOPLIST_FILE = FlickrMap/Info.plist;
				LD_RUNPATH_SEARCH_PATHS = (
					"$(inherited)",
					"@executable_path/Frameworks",
				);
				PRODUCT_BUNDLE_IDENTIFIER = fr.eurecom.FlickrMap;
				PRODUCT_NAME = "$(TARGET_NAME)";
				SWIFT_OBJC_BRIDGING_HEADER = "FlickrMap/FlickrMap-Bridging-Header.h";
				SWIFT_VERSION = 5.0;
				TARGETED_DEVICE_FAMILY = "1,2";
			};
			name = Release;
		};
/* End XCBuildConfiguration section */

/* Begin XCConfigurationList section */
		DE47DE042399637700C8F6A5 /* Build configuration list for PBXProject "FlickrMap" */ = {
			isa = XCConfigurationList;
			buildConfigurations = (
				DE47DE1D2399637D00C8F6A5 /* Debug */,
				DE47DE1E2399637D00C8F6A5 /* Release */,
			);
			defaultConfigurationIsVisible = 0;
			defaultConfigurationName = Release;
		};
		DE47DE1F2399637D00C8F6A5 /* Build configuration list for PBXNativeTarget "FlickrMap" */ = {
			isa = XCConfigurationList;
			buildConfigurations = (
				DE47DE202399637D00C8F6A5 /* Debug */,
				DE47DE212399637D00C8F6A5 /* Release */,
			);
			defaultConfigurationIsVisible = 0;
			defaultConfigurationName = Release;
		};
/* End XCConfigurationList section */
	};
	rootObject = DE47DE012399637700C8F6A5 /* Project object */;
}
